// !$*UTF8*$!
{
	archiveVersion = 1;
	classes = {
	};
	objectVersion = 45;
	objects = {

/* Begin PBXBuildFile section */
		2E256C291318760700AE7F9E /* Correspondence_DataModel.xcdatamodel in Sources */ = {isa = PBXBuildFile; fileRef = 2E256C281318760700AE7F9E /* Correspondence_DataModel.xcdatamodel */; };
		2E256C2C131876A200AE7F9E /* COAppDelegate.m in Sources */ = {isa = PBXBuildFile; fileRef = 2E256C2B131876A200AE7F9E /* COAppDelegate.m */; };
		2E2A5EC91326727700D7C5EE /* COMessage.m in Sources */ = {isa = PBXBuildFile; fileRef = 2E2A5EC81326727700D7C5EE /* COMessage.m */; };
		2E33CB8E137FBF70009CAA35 /* PXListView+UserInteraction.m in Sources */ = {isa = PBXBuildFile; fileRef = 2E33CB8D137FBF70009CAA35 /* PXListView+UserInteraction.m */; };
		2E33CB8F137FBF70009CAA35 /* PXListView+UserInteraction.m in Sources */ = {isa = PBXBuildFile; fileRef = 2E33CB8D137FBF70009CAA35 /* PXListView+UserInteraction.m */; };
		2E3B3197132EA8FB002F8803 /* COMessageController.m in Sources */ = {isa = PBXBuildFile; fileRef = 2E3B3196132EA8FB002F8803 /* COMessageController.m */; };
		2E3B3198132EA8FB002F8803 /* COMessageController.m in Sources */ = {isa = PBXBuildFile; fileRef = 2E3B3196132EA8FB002F8803 /* COMessageController.m */; };
		2E3B319B132EB5CB002F8803 /* COTopicController.m in Sources */ = {isa = PBXBuildFile; fileRef = 2E3B319A132EB5CA002F8803 /* COTopicController.m */; };
		2E3B319C132EB5CB002F8803 /* COTopicController.m in Sources */ = {isa = PBXBuildFile; fileRef = 2E3B319A132EB5CA002F8803 /* COTopicController.m */; };
		2E3B319F132EB88A002F8803 /* COTopicViewCell.m in Sources */ = {isa = PBXBuildFile; fileRef = 2E3B319E132EB88A002F8803 /* COTopicViewCell.m */; };
		2E3B31A0132EB88A002F8803 /* COTopicViewCell.m in Sources */ = {isa = PBXBuildFile; fileRef = 2E3B319E132EB88A002F8803 /* COTopicViewCell.m */; };
		2E3FBA0C134F9B8500DB95B2 /* COManagedViewCell.m in Sources */ = {isa = PBXBuildFile; fileRef = 2E3FBA0B134F9B8500DB95B2 /* COManagedViewCell.m */; };
		2E3FBA0D134F9B8500DB95B2 /* COManagedViewCell.m in Sources */ = {isa = PBXBuildFile; fileRef = 2E3FBA0B134F9B8500DB95B2 /* COManagedViewCell.m */; };
		2E4DF47913316F2A0044C9D1 /* COListController.m in Sources */ = {isa = PBXBuildFile; fileRef = 2E4DF47813316F2A0044C9D1 /* COListController.m */; };
		2E4DF47A13316F2A0044C9D1 /* COListController.m in Sources */ = {isa = PBXBuildFile; fileRef = 2E4DF47813316F2A0044C9D1 /* COListController.m */; };
		2E4DF47E133285FF0044C9D1 /* up.png in Resources */ = {isa = PBXBuildFile; fileRef = 2E4DF47C133285FF0044C9D1 /* up.png */; };
		2E4DF47F133285FF0044C9D1 /* down.png in Resources */ = {isa = PBXBuildFile; fileRef = 2E4DF47D133285FF0044C9D1 /* down.png */; };
		2EBEC344132BC65000C84085 /* PXListDocumentView.m in Sources */ = {isa = PBXBuildFile; fileRef = 2EBEC33B132BC65000C84085 /* PXListDocumentView.m */; };
		2EBEC345132BC65000C84085 /* PXListDocumentView.m in Sources */ = {isa = PBXBuildFile; fileRef = 2EBEC33B132BC65000C84085 /* PXListDocumentView.m */; };
		2EBEC346132BC65000C84085 /* PXListView.m in Sources */ = {isa = PBXBuildFile; fileRef = 2EBEC33E132BC65000C84085 /* PXListView.m */; };
		2EBEC347132BC65000C84085 /* PXListView.m in Sources */ = {isa = PBXBuildFile; fileRef = 2EBEC33E132BC65000C84085 /* PXListView.m */; };
		2EBEC348132BC65000C84085 /* PXListViewCell.m in Sources */ = {isa = PBXBuildFile; fileRef = 2EBEC341132BC65000C84085 /* PXListViewCell.m */; };
		2EBEC349132BC65000C84085 /* PXListViewCell.m in Sources */ = {isa = PBXBuildFile; fileRef = 2EBEC341132BC65000C84085 /* PXListViewCell.m */; };
		2EBEC34A132BD84B00C84085 /* PXListView+Private.h in Sources */ = {isa = PBXBuildFile; fileRef = 2EBEC33C132BC65000C84085 /* PXListView+Private.h */; };
		2EBEC34B132BD84B00C84085 /* PXListView.h in Sources */ = {isa = PBXBuildFile; fileRef = 2EBEC33D132BC65000C84085 /* PXListView.h */; };
		2EBEC34C132BD84B00C84085 /* PXListViewDelegate.h in Sources */ = {isa = PBXBuildFile; fileRef = 2EBEC342132BC65000C84085 /* PXListViewDelegate.h */; };
		2EBEC34D132BD84B00C84085 /* PXListViewCell+Private.h in Sources */ = {isa = PBXBuildFile; fileRef = 2EBEC33F132BC65000C84085 /* PXListViewCell+Private.h */; };
		2EBEC34E132BD84B00C84085 /* PXListViewCell.h in Sources */ = {isa = PBXBuildFile; fileRef = 2EBEC340132BC65000C84085 /* PXListViewCell.h */; };
		2EBEC34F132BD84B00C84085 /* PXListViewDropHighlight.h in Sources */ = {isa = PBXBuildFile; fileRef = 2EBEC343132BC65000C84085 /* PXListViewDropHighlight.h */; };
		2EBEC350132BD84B00C84085 /* PXListDocumentView.h in Sources */ = {isa = PBXBuildFile; fileRef = 2EBEC33A132BC65000C84085 /* PXListDocumentView.h */; };
		2EBEC35B132D4E4000C84085 /* COMessageViewCell.m in Sources */ = {isa = PBXBuildFile; fileRef = 2EBEC35A132D4E3F00C84085 /* COMessageViewCell.m */; };
		2EBEC35C132D4E4000C84085 /* COMessageViewCell.m in Sources */ = {isa = PBXBuildFile; fileRef = 2EBEC35A132D4E3F00C84085 /* COMessageViewCell.m */; };
		2EE6558913315D610039973A /* COListView.m in Sources */ = {isa = PBXBuildFile; fileRef = 2EE6558813315D610039973A /* COListView.m */; };
		2EE6558A13315D610039973A /* COListView.m in Sources */ = {isa = PBXBuildFile; fileRef = 2EE6558813315D610039973A /* COListView.m */; };
		2EE7C97F1371C3E300F1D146 /* reply.png in Resources */ = {isa = PBXBuildFile; fileRef = 2EE7C97E1371C3E300F1D146 /* reply.png */; };
		8D11072B0486CEB800E47090 /* InfoPlist.strings in Resources */ = {isa = PBXBuildFile; fileRef = 089C165CFE840E0CC02AAC07 /* InfoPlist.strings */; };
		8D11072D0486CEB800E47090 /* main.m in Sources */ = {isa = PBXBuildFile; fileRef = 29B97316FDCFA39411CA2CEA /* main.m */; settings = {ATTRIBUTES = (); }; };
		8D11072F0486CEB800E47090 /* Cocoa.framework in Frameworks */ = {isa = PBXBuildFile; fileRef = 1058C7A1FEA54F0111CA2CBB /* Cocoa.framework */; };
		A94A34F21327D6D100D4F915 /* COPeopleController.m in Sources */ = {isa = PBXBuildFile; fileRef = A94A34F11327D6D100D4F915 /* COPeopleController.m */; };
		A95CE8EC1353042E00C9E82D /* COCustomAddressHUDController.m in Sources */ = {isa = PBXBuildFile; fileRef = A9A5BA5B13364535001EDA12 /* COCustomAddressHUDController.m */; };
		A95D7BB713275BC10019DEEB /* AddressBook.framework in Frameworks */ = {isa = PBXBuildFile; fileRef = A9AFA8991323C4B900E42B00 /* AddressBook.framework */; };
		A966F740137F11EF007488DA /* AbstractCoreDataTest.m in Sources */ = {isa = PBXBuildFile; fileRef = A966F73F137F11EF007488DA /* AbstractCoreDataTest.m */; };
		A966F742137F22D5007488DA /* Correspondence_DataModel.xcdatamodel in Resources */ = {isa = PBXBuildFile; fileRef = 2E256C281318760700AE7F9E /* Correspondence_DataModel.xcdatamodel */; };
		A974397B13351EDD00D4262D /* COConstants.m in Sources */ = {isa = PBXBuildFile; fileRef = A974397A13351EDD00D4262D /* COConstants.m */; };
		A975CBB11318444200AAC978 /* Cocoa.framework in Frameworks */ = {isa = PBXBuildFile; fileRef = A975CBB01318444200AAC978 /* Cocoa.framework */; };
		A975CBB71318444200AAC978 /* InfoPlist.strings in Resources */ = {isa = PBXBuildFile; fileRef = A975CBB51318444200AAC978 /* InfoPlist.strings */; };
		A975CBBC1318444200AAC978 /* AddressBookExplorationTest.m in Sources */ = {isa = PBXBuildFile; fileRef = A975CBBB1318444200AAC978 /* AddressBookExplorationTest.m */; };
		A99F6230135733EF001F69CE /* ReceiverTests.m in Sources */ = {isa = PBXBuildFile; fileRef = A9CB4BBF1357316C009A166C /* ReceiverTests.m */; };
		A99F6233135734E1001F69CE /* COMessage.m in Sources */ = {isa = PBXBuildFile; fileRef = 2E2A5EC81326727700D7C5EE /* COMessage.m */; };
		A99F6234135734E3001F69CE /* COPerson.m in Sources */ = {isa = PBXBuildFile; fileRef = A9CB4BB313572918009A166C /* COPerson.m */; };
		A99F6235135734E6001F69CE /* COReceiver.m in Sources */ = {isa = PBXBuildFile; fileRef = A9CB4BAD13572917009A166C /* COReceiver.m */; };
		A99F6236135734E8001F69CE /* COAddressbookPerson.m in Sources */ = {isa = PBXBuildFile; fileRef = A9CB4BB013572918009A166C /* COAddressbookPerson.m */; };
		A9AFA89C1323C4C900E42B00 /* AddressBook.framework in Frameworks */ = {isa = PBXBuildFile; fileRef = A9AFA8991323C4B900E42B00 /* AddressBook.framework */; };
		A9CB4BAE13572917009A166C /* COReceiver.m in Sources */ = {isa = PBXBuildFile; fileRef = A9CB4BAD13572917009A166C /* COReceiver.m */; };
		A9CB4BB113572918009A166C /* COAddressbookPerson.m in Sources */ = {isa = PBXBuildFile; fileRef = A9CB4BB013572918009A166C /* COAddressbookPerson.m */; };
		A9CB4BB413572918009A166C /* COPerson.m in Sources */ = {isa = PBXBuildFile; fileRef = A9CB4BB313572918009A166C /* COPerson.m */; };
		A9CB4BB813572E18009A166C /* MessageViewCell.xib in Resources */ = {isa = PBXBuildFile; fileRef = A9CB4BB613572E18009A166C /* MessageViewCell.xib */; };
		A9CB4BB913572E18009A166C /* TopicViewCell.xib in Resources */ = {isa = PBXBuildFile; fileRef = A9CB4BB713572E18009A166C /* TopicViewCell.xib */; };
		A9CB4BBB13572E60009A166C /* CustomAddress.xib in Resources */ = {isa = PBXBuildFile; fileRef = A9CB4BBA13572E60009A166C /* CustomAddress.xib */; };
		A9CB4BBD13572E85009A166C /* MainMenu.xib in Resources */ = {isa = PBXBuildFile; fileRef = A9CB4BBC13572E85009A166C /* MainMenu.xib */; };
		A9EF1EA313839AFC005FA213 /* COPersistence.m in Sources */ = {isa = PBXBuildFile; fileRef = A9EF1EA213839AFC005FA213 /* COPersistence.m */; };
		A9EF1EA413839AFC005FA213 /* COPersistence.m in Sources */ = {isa = PBXBuildFile; fileRef = A9EF1EA213839AFC005FA213 /* COPersistence.m */; };
		A9EF1EA613842DE7005FA213 /* COConstants.m in Sources */ = {isa = PBXBuildFile; fileRef = A974397A13351EDD00D4262D /* COConstants.m */; };
/* End PBXBuildFile section */

/* Begin PBXFileReference section */
		089C165DFE840E0CC02AAC07 /* English */ = {isa = PBXFileReference; fileEncoding = 10; lastKnownFileType = text.plist.strings; name = English; path = English.lproj/InfoPlist.strings; sourceTree = "<group>"; };
		1058C7A1FEA54F0111CA2CBB /* Cocoa.framework */ = {isa = PBXFileReference; lastKnownFileType = wrapper.framework; name = Cocoa.framework; path = /System/Library/Frameworks/Cocoa.framework; sourceTree = "<absolute>"; };
		29B97316FDCFA39411CA2CEA /* main.m */ = {isa = PBXFileReference; fileEncoding = 4; lastKnownFileType = sourcecode.c.objc; path = main.m; sourceTree = "<group>"; };
		29B97324FDCFA39411CA2CEA /* AppKit.framework */ = {isa = PBXFileReference; lastKnownFileType = wrapper.framework; name = AppKit.framework; path = /System/Library/Frameworks/AppKit.framework; sourceTree = "<absolute>"; };
		29B97325FDCFA39411CA2CEA /* Foundation.framework */ = {isa = PBXFileReference; lastKnownFileType = wrapper.framework; name = Foundation.framework; path = /System/Library/Frameworks/Foundation.framework; sourceTree = "<absolute>"; };
		2E256C281318760700AE7F9E /* Correspondence_DataModel.xcdatamodel */ = {isa = PBXFileReference; lastKnownFileType = wrapper.xcdatamodel; path = Correspondence_DataModel.xcdatamodel; sourceTree = "<group>"; };
		2E256C2A131876A200AE7F9E /* COAppDelegate.h */ = {isa = PBXFileReference; fileEncoding = 4; lastKnownFileType = sourcecode.c.h; path = COAppDelegate.h; sourceTree = "<group>"; };
		2E256C2B131876A200AE7F9E /* COAppDelegate.m */ = {isa = PBXFileReference; fileEncoding = 4; lastKnownFileType = sourcecode.c.objc; path = COAppDelegate.m; sourceTree = "<group>"; };
		2E2A5EC71326727700D7C5EE /* COMessage.h */ = {isa = PBXFileReference; fileEncoding = 4; lastKnownFileType = sourcecode.c.h; path = COMessage.h; sourceTree = "<group>"; };
		2E2A5EC81326727700D7C5EE /* COMessage.m */ = {isa = PBXFileReference; fileEncoding = 4; lastKnownFileType = sourcecode.c.objc; path = COMessage.m; sourceTree = "<group>"; };
		2E33CB8C137FBF70009CAA35 /* PXListView+UserInteraction.h */ = {isa = PBXFileReference; fileEncoding = 4; lastKnownFileType = sourcecode.c.h; path = "PXListView+UserInteraction.h"; sourceTree = "<group>"; };
		2E33CB8D137FBF70009CAA35 /* PXListView+UserInteraction.m */ = {isa = PBXFileReference; fileEncoding = 4; lastKnownFileType = sourcecode.c.objc; path = "PXListView+UserInteraction.m"; sourceTree = "<group>"; };
		2E3B3195132EA8FB002F8803 /* COMessageController.h */ = {isa = PBXFileReference; fileEncoding = 4; lastKnownFileType = sourcecode.c.h; path = COMessageController.h; sourceTree = "<group>"; };
		2E3B3196132EA8FB002F8803 /* COMessageController.m */ = {isa = PBXFileReference; fileEncoding = 4; lastKnownFileType = sourcecode.c.objc; path = COMessageController.m; sourceTree = "<group>"; };
		2E3B3199132EB5CA002F8803 /* COTopicController.h */ = {isa = PBXFileReference; fileEncoding = 4; lastKnownFileType = sourcecode.c.h; path = COTopicController.h; sourceTree = "<group>"; };
		2E3B319A132EB5CA002F8803 /* COTopicController.m */ = {isa = PBXFileReference; fileEncoding = 4; lastKnownFileType = sourcecode.c.objc; path = COTopicController.m; sourceTree = "<group>"; };
		2E3B319D132EB88A002F8803 /* COTopicViewCell.h */ = {isa = PBXFileReference; fileEncoding = 4; lastKnownFileType = sourcecode.c.h; name = COTopicViewCell.h; path = Classes/COTopicViewCell.h; sourceTree = "<group>"; };
		2E3B319E132EB88A002F8803 /* COTopicViewCell.m */ = {isa = PBXFileReference; fileEncoding = 4; lastKnownFileType = sourcecode.c.objc; name = COTopicViewCell.m; path = Classes/COTopicViewCell.m; sourceTree = "<group>"; };
		2E3FBA0A134F9B8500DB95B2 /* COManagedViewCell.h */ = {isa = PBXFileReference; fileEncoding = 4; lastKnownFileType = sourcecode.c.h; path = COManagedViewCell.h; sourceTree = "<group>"; };
		2E3FBA0B134F9B8500DB95B2 /* COManagedViewCell.m */ = {isa = PBXFileReference; fileEncoding = 4; lastKnownFileType = sourcecode.c.objc; path = COManagedViewCell.m; sourceTree = "<group>"; };
		2E4DF47713316F2A0044C9D1 /* COListController.h */ = {isa = PBXFileReference; fileEncoding = 4; lastKnownFileType = sourcecode.c.h; path = COListController.h; sourceTree = "<group>"; };
		2E4DF47813316F2A0044C9D1 /* COListController.m */ = {isa = PBXFileReference; fileEncoding = 4; lastKnownFileType = sourcecode.c.objc; path = COListController.m; sourceTree = "<group>"; };
		2E4DF47C133285FF0044C9D1 /* up.png */ = {isa = PBXFileReference; lastKnownFileType = image.png; name = up.png; path = Resources/Icons/up.png; sourceTree = "<group>"; };
		2E4DF47D133285FF0044C9D1 /* down.png */ = {isa = PBXFileReference; lastKnownFileType = image.png; name = down.png; path = Resources/Icons/down.png; sourceTree = "<group>"; };
		2EBEC33A132BC65000C84085 /* PXListDocumentView.h */ = {isa = PBXFileReference; fileEncoding = 4; lastKnownFileType = sourcecode.c.h; name = PXListDocumentView.h; path = PXListView/PXListDocumentView.h; sourceTree = "<group>"; };
		2EBEC33B132BC65000C84085 /* PXListDocumentView.m */ = {isa = PBXFileReference; fileEncoding = 4; lastKnownFileType = sourcecode.c.objc; name = PXListDocumentView.m; path = PXListView/PXListDocumentView.m; sourceTree = "<group>"; };
		2EBEC33C132BC65000C84085 /* PXListView+Private.h */ = {isa = PBXFileReference; fileEncoding = 4; lastKnownFileType = sourcecode.c.h; path = "PXListView+Private.h"; sourceTree = "<group>"; };
		2EBEC33D132BC65000C84085 /* PXListView.h */ = {isa = PBXFileReference; fileEncoding = 4; lastKnownFileType = sourcecode.c.h; path = PXListView.h; sourceTree = "<group>"; };
		2EBEC33E132BC65000C84085 /* PXListView.m */ = {isa = PBXFileReference; fileEncoding = 4; lastKnownFileType = sourcecode.c.objc; path = PXListView.m; sourceTree = "<group>"; };
		2EBEC33F132BC65000C84085 /* PXListViewCell+Private.h */ = {isa = PBXFileReference; fileEncoding = 4; lastKnownFileType = sourcecode.c.h; name = "PXListViewCell+Private.h"; path = "PXListView/PXListViewCell+Private.h"; sourceTree = "<group>"; };
		2EBEC340132BC65000C84085 /* PXListViewCell.h */ = {isa = PBXFileReference; fileEncoding = 4; lastKnownFileType = sourcecode.c.h; name = PXListViewCell.h; path = PXListView/PXListViewCell.h; sourceTree = "<group>"; };
		2EBEC341132BC65000C84085 /* PXListViewCell.m */ = {isa = PBXFileReference; fileEncoding = 4; lastKnownFileType = sourcecode.c.objc; name = PXListViewCell.m; path = PXListView/PXListViewCell.m; sourceTree = "<group>"; };
		2EBEC342132BC65000C84085 /* PXListViewDelegate.h */ = {isa = PBXFileReference; fileEncoding = 4; lastKnownFileType = sourcecode.c.h; path = PXListViewDelegate.h; sourceTree = "<group>"; };
		2EBEC343132BC65000C84085 /* PXListViewDropHighlight.h */ = {isa = PBXFileReference; fileEncoding = 4; lastKnownFileType = sourcecode.c.h; name = PXListViewDropHighlight.h; path = PXListView/PXListViewDropHighlight.h; sourceTree = "<group>"; };
		2EBEC359132D4E3F00C84085 /* COMessageViewCell.h */ = {isa = PBXFileReference; fileEncoding = 4; lastKnownFileType = sourcecode.c.h; name = COMessageViewCell.h; path = Classes/COMessageViewCell.h; sourceTree = "<group>"; };
		2EBEC35A132D4E3F00C84085 /* COMessageViewCell.m */ = {isa = PBXFileReference; fileEncoding = 4; lastKnownFileType = sourcecode.c.objc; name = COMessageViewCell.m; path = Classes/COMessageViewCell.m; sourceTree = "<group>"; };
		2EE6558713315D610039973A /* COListView.h */ = {isa = PBXFileReference; fileEncoding = 4; lastKnownFileType = sourcecode.c.h; path = COListView.h; sourceTree = "<group>"; };
		2EE6558813315D610039973A /* COListView.m */ = {isa = PBXFileReference; fileEncoding = 4; lastKnownFileType = sourcecode.c.objc; path = COListView.m; sourceTree = "<group>"; };
		2EE7C97E1371C3E300F1D146 /* reply.png */ = {isa = PBXFileReference; lastKnownFileType = image.png; name = reply.png; path = Resources/Icons/reply.png; sourceTree = "<group>"; };
		32CA4F630368D1EE00C91783 /* Correspondence_Prefix.pch */ = {isa = PBXFileReference; fileEncoding = 4; lastKnownFileType = sourcecode.c.h; path = Correspondence_Prefix.pch; sourceTree = "<group>"; };
		77C82804067257F0000B614F /* CoreData.framework */ = {isa = PBXFileReference; lastKnownFileType = wrapper.framework; name = CoreData.framework; path = /System/Library/Frameworks/CoreData.framework; sourceTree = "<absolute>"; };
		8D1107310486CEB800E47090 /* Info.plist */ = {isa = PBXFileReference; fileEncoding = 4; lastKnownFileType = text.plist; path = Info.plist; sourceTree = "<group>"; };
		8D1107320486CEB800E47090 /* Correspondence.app */ = {isa = PBXFileReference; explicitFileType = wrapper.application; includeInIndex = 0; path = Correspondence.app; sourceTree = BUILT_PRODUCTS_DIR; };
		A94A34F01327D6D100D4F915 /* COPeopleController.h */ = {isa = PBXFileReference; fileEncoding = 4; lastKnownFileType = sourcecode.c.h; path = COPeopleController.h; sourceTree = "<group>"; };
		A94A34F11327D6D100D4F915 /* COPeopleController.m */ = {isa = PBXFileReference; fileEncoding = 4; lastKnownFileType = sourcecode.c.objc; path = COPeopleController.m; sourceTree = "<group>"; };
		A966F73E137F11EF007488DA /* AbstractCoreDataTest.h */ = {isa = PBXFileReference; fileEncoding = 4; lastKnownFileType = sourcecode.c.h; path = AbstractCoreDataTest.h; sourceTree = "<group>"; };
		A966F73F137F11EF007488DA /* AbstractCoreDataTest.m */ = {isa = PBXFileReference; fileEncoding = 4; lastKnownFileType = sourcecode.c.objc; path = AbstractCoreDataTest.m; sourceTree = "<group>"; };
		A974397913351EDD00D4262D /* COConstants.h */ = {isa = PBXFileReference; fileEncoding = 4; lastKnownFileType = sourcecode.c.h; path = COConstants.h; sourceTree = "<group>"; };
		A974397A13351EDD00D4262D /* COConstants.m */ = {isa = PBXFileReference; fileEncoding = 4; lastKnownFileType = sourcecode.c.objc; path = COConstants.m; sourceTree = "<group>"; };
		A975CBAF1318444200AAC978 /* UnitTests.octest */ = {isa = PBXFileReference; explicitFileType = wrapper.cfbundle; includeInIndex = 0; path = UnitTests.octest; sourceTree = BUILT_PRODUCTS_DIR; };
		A975CBB01318444200AAC978 /* Cocoa.framework */ = {isa = PBXFileReference; lastKnownFileType = wrapper.framework; name = Cocoa.framework; path = System/Library/Frameworks/Cocoa.framework; sourceTree = SDKROOT; };
		A975CBB41318444200AAC978 /* UnitTests-Info.plist */ = {isa = PBXFileReference; lastKnownFileType = text.plist.xml; path = "UnitTests-Info.plist"; sourceTree = "<group>"; };
		A975CBB61318444200AAC978 /* en */ = {isa = PBXFileReference; lastKnownFileType = text.plist.strings; name = en; path = en.lproj/InfoPlist.strings; sourceTree = "<group>"; };
		A975CBB81318444200AAC978 /* UnitTests-Prefix.pch */ = {isa = PBXFileReference; lastKnownFileType = sourcecode.c.h; path = "UnitTests-Prefix.pch"; sourceTree = "<group>"; };
		A975CBB91318444200AAC978 /* AddressBookExplorationTest.h */ = {isa = PBXFileReference; lastKnownFileType = sourcecode.c.h; path = AddressBookExplorationTest.h; sourceTree = "<group>"; };
		A975CBBB1318444200AAC978 /* AddressBookExplorationTest.m */ = {isa = PBXFileReference; lastKnownFileType = sourcecode.c.objc; path = AddressBookExplorationTest.m; sourceTree = "<group>"; };
		A9A5BA5A13364535001EDA12 /* COCustomAddressHUDController.h */ = {isa = PBXFileReference; fileEncoding = 4; lastKnownFileType = sourcecode.c.h; path = COCustomAddressHUDController.h; sourceTree = "<group>"; };
		A9A5BA5B13364535001EDA12 /* COCustomAddressHUDController.m */ = {isa = PBXFileReference; fileEncoding = 4; lastKnownFileType = sourcecode.c.objc; path = COCustomAddressHUDController.m; sourceTree = "<group>"; };
		A9AFA8991323C4B900E42B00 /* AddressBook.framework */ = {isa = PBXFileReference; lastKnownFileType = wrapper.framework; name = AddressBook.framework; path = System/Library/Frameworks/AddressBook.framework; sourceTree = SDKROOT; };
		A9CB4BAC13572917009A166C /* COReceiver.h */ = {isa = PBXFileReference; fileEncoding = 4; lastKnownFileType = sourcecode.c.h; path = COReceiver.h; sourceTree = "<group>"; };
		A9CB4BAD13572917009A166C /* COReceiver.m */ = {isa = PBXFileReference; fileEncoding = 4; lastKnownFileType = sourcecode.c.objc; path = COReceiver.m; sourceTree = "<group>"; };
		A9CB4BAF13572918009A166C /* COAddressbookPerson.h */ = {isa = PBXFileReference; fileEncoding = 4; lastKnownFileType = sourcecode.c.h; path = COAddressbookPerson.h; sourceTree = "<group>"; };
		A9CB4BB013572918009A166C /* COAddressbookPerson.m */ = {isa = PBXFileReference; fileEncoding = 4; lastKnownFileType = sourcecode.c.objc; path = COAddressbookPerson.m; sourceTree = "<group>"; };
		A9CB4BB213572918009A166C /* COPerson.h */ = {isa = PBXFileReference; fileEncoding = 4; lastKnownFileType = sourcecode.c.h; path = COPerson.h; sourceTree = "<group>"; };
		A9CB4BB313572918009A166C /* COPerson.m */ = {isa = PBXFileReference; fileEncoding = 4; lastKnownFileType = sourcecode.c.objc; path = COPerson.m; sourceTree = "<group>"; };
		A9CB4BB613572E18009A166C /* MessageViewCell.xib */ = {isa = PBXFileReference; fileEncoding = 4; lastKnownFileType = file.xib; name = MessageViewCell.xib; path = Resources/MessageViewCell.xib; sourceTree = "<group>"; };
		A9CB4BB713572E18009A166C /* TopicViewCell.xib */ = {isa = PBXFileReference; fileEncoding = 4; lastKnownFileType = file.xib; name = TopicViewCell.xib; path = Resources/TopicViewCell.xib; sourceTree = "<group>"; };
		A9CB4BBA13572E60009A166C /* CustomAddress.xib */ = {isa = PBXFileReference; fileEncoding = 4; lastKnownFileType = file.xib; name = CustomAddress.xib; path = Resources/CustomAddress.xib; sourceTree = "<group>"; };
		A9CB4BBC13572E85009A166C /* MainMenu.xib */ = {isa = PBXFileReference; fileEncoding = 4; lastKnownFileType = file.xib; name = MainMenu.xib; path = Resources/MainMenu.xib; sourceTree = "<group>"; };
		A9CB4BBE1357316C009A166C /* ReceiverTests.h */ = {isa = PBXFileReference; fileEncoding = 4; lastKnownFileType = sourcecode.c.h; path = ReceiverTests.h; sourceTree = "<group>"; };
		A9CB4BBF1357316C009A166C /* ReceiverTests.m */ = {isa = PBXFileReference; fileEncoding = 4; lastKnownFileType = sourcecode.c.objc; path = ReceiverTests.m; sourceTree = "<group>"; };
		A9EF1EA113839AFC005FA213 /* COPersistence.h */ = {isa = PBXFileReference; fileEncoding = 4; lastKnownFileType = sourcecode.c.h; path = COPersistence.h; sourceTree = "<group>"; };
		A9EF1EA213839AFC005FA213 /* COPersistence.m */ = {isa = PBXFileReference; fileEncoding = 4; lastKnownFileType = sourcecode.c.objc; path = COPersistence.m; sourceTree = "<group>"; };
/* End PBXFileReference section */

/* Begin PBXFrameworksBuildPhase section */
		8D11072E0486CEB800E47090 /* Frameworks */ = {
			isa = PBXFrameworksBuildPhase;
			buildActionMask = 2147483647;
			files = (
				8D11072F0486CEB800E47090 /* Cocoa.framework in Frameworks */,
				A95D7BB713275BC10019DEEB /* AddressBook.framework in Frameworks */,
			);
			runOnlyForDeploymentPostprocessing = 0;
		};
		A975CBAB1318444200AAC978 /* Frameworks */ = {
			isa = PBXFrameworksBuildPhase;
			buildActionMask = 2147483647;
			files = (
				A975CBB11318444200AAC978 /* Cocoa.framework in Frameworks */,
				A9AFA89C1323C4C900E42B00 /* AddressBook.framework in Frameworks */,
			);
			runOnlyForDeploymentPostprocessing = 0;
		};
/* End PBXFrameworksBuildPhase section */

/* Begin PBXGroup section */
		080E96DDFE201D6D7F000001 /* Classes */ = {
			isa = PBXGroup;
			children = (
				2E3FBA0F134FA26900DB95B2 /* COListViews */,
				2EBEC339132BC65000C84085 /* PXListView */,
				2E256C2A131876A200AE7F9E /* COAppDelegate.h */,
				2E256C2B131876A200AE7F9E /* COAppDelegate.m */,
				A94A34F01327D6D100D4F915 /* COPeopleController.h */,
				A94A34F11327D6D100D4F915 /* COPeopleController.m */,
				A974397913351EDD00D4262D /* COConstants.h */,
				A974397A13351EDD00D4262D /* COConstants.m */,
				A9A5BA5A13364535001EDA12 /* COCustomAddressHUDController.h */,
				A9A5BA5B13364535001EDA12 /* COCustomAddressHUDController.m */,
				A9EF1EA113839AFC005FA213 /* COPersistence.h */,
				A9EF1EA213839AFC005FA213 /* COPersistence.m */,
			);
			name = Classes;
			sourceTree = "<group>";
		};
		1058C7A0FEA54F0111CA2CBB /* Linked Frameworks */ = {
			isa = PBXGroup;
			children = (
				A9AFA8991323C4B900E42B00 /* AddressBook.framework */,
				1058C7A1FEA54F0111CA2CBB /* Cocoa.framework */,
			);
			name = "Linked Frameworks";
			sourceTree = "<group>";
		};
		1058C7A2FEA54F0111CA2CBB /* Other Frameworks */ = {
			isa = PBXGroup;
			children = (
				77C82804067257F0000B614F /* CoreData.framework */,
				29B97325FDCFA39411CA2CEA /* Foundation.framework */,
				29B97324FDCFA39411CA2CEA /* AppKit.framework */,
			);
			name = "Other Frameworks";
			sourceTree = "<group>";
		};
		19C28FACFE9D520D11CA2CBB /* Products */ = {
			isa = PBXGroup;
			children = (
				8D1107320486CEB800E47090 /* Correspondence.app */,
				A975CBAF1318444200AAC978 /* UnitTests.octest */,
			);
			name = Products;
			sourceTree = "<group>";
		};
		29B97314FDCFA39411CA2CEA /* Correspondence */ = {
			isa = PBXGroup;
			children = (
				A95D7BBE132760970019DEEB /* Entities */,
				7756732906782D8800D1FEB8 /* Models */,
				080E96DDFE201D6D7F000001 /* Classes */,
				29B97315FDCFA39411CA2CEA /* Other Sources */,
				29B97317FDCFA39411CA2CEA /* Resources */,
				A975CBB21318444200AAC978 /* UnitTests */,
				29B97323FDCFA39411CA2CEA /* Frameworks */,
				19C28FACFE9D520D11CA2CBB /* Products */,
			);
			name = Correspondence;
			sourceTree = "<group>";
		};
		29B97315FDCFA39411CA2CEA /* Other Sources */ = {
			isa = PBXGroup;
			children = (
				32CA4F630368D1EE00C91783 /* Correspondence_Prefix.pch */,
				29B97316FDCFA39411CA2CEA /* main.m */,
			);
			name = "Other Sources";
			sourceTree = "<group>";
		};
		29B97317FDCFA39411CA2CEA /* Resources */ = {
			isa = PBXGroup;
			children = (
				A9CB4BBC13572E85009A166C /* MainMenu.xib */,
				A9CB4BBA13572E60009A166C /* CustomAddress.xib */,
				A9CB4BB613572E18009A166C /* MessageViewCell.xib */,
				A9CB4BB713572E18009A166C /* TopicViewCell.xib */,
				2E4DF47C133285FF0044C9D1 /* up.png */,
				2E4DF47D133285FF0044C9D1 /* down.png */,
				2EE7C97E1371C3E300F1D146 /* reply.png */,
				8D1107310486CEB800E47090 /* Info.plist */,
				089C165CFE840E0CC02AAC07 /* InfoPlist.strings */,
			);
			name = Resources;
			sourceTree = "<group>";
		};
		29B97323FDCFA39411CA2CEA /* Frameworks */ = {
			isa = PBXGroup;
			children = (
				1058C7A0FEA54F0111CA2CBB /* Linked Frameworks */,
				A975CBB01318444200AAC978 /* Cocoa.framework */,
				1058C7A2FEA54F0111CA2CBB /* Other Frameworks */,
			);
			name = Frameworks;
			sourceTree = "<group>";
		};
		2E3FBA0F134FA26900DB95B2 /* COListViews */ = {
			isa = PBXGroup;
			children = (
				2E3FBA0A134F9B8500DB95B2 /* COManagedViewCell.h */,
				2E3FBA0B134F9B8500DB95B2 /* COManagedViewCell.m */,
				2E3B319D132EB88A002F8803 /* COTopicViewCell.h */,
				2E3B319E132EB88A002F8803 /* COTopicViewCell.m */,
				2EBEC359132D4E3F00C84085 /* COMessageViewCell.h */,
				2EBEC35A132D4E3F00C84085 /* COMessageViewCell.m */,
				2E3B3195132EA8FB002F8803 /* COMessageController.h */,
				2E3B3196132EA8FB002F8803 /* COMessageController.m */,
				2E3B3199132EB5CA002F8803 /* COTopicController.h */,
				2E3B319A132EB5CA002F8803 /* COTopicController.m */,
				2E4DF47713316F2A0044C9D1 /* COListController.h */,
				2E4DF47813316F2A0044C9D1 /* COListController.m */,
				2EE6558713315D610039973A /* COListView.h */,
				2EE6558813315D610039973A /* COListView.m */,
			);
			name = COListViews;
			sourceTree = "<group>";
		};
		2EBEC337132BC3EF00C84085 /* Cells */ = {
			isa = PBXGroup;
			children = (
				2EBEC33F132BC65000C84085 /* PXListViewCell+Private.h */,
				2EBEC340132BC65000C84085 /* PXListViewCell.h */,
				2EBEC341132BC65000C84085 /* PXListViewCell.m */,
				2EBEC343132BC65000C84085 /* PXListViewDropHighlight.h */,
			);
			name = Cells;
			path = ..;
			sourceTree = "<group>";
		};
		2EBEC338132BC3FF00C84085 /* Misc */ = {
			isa = PBXGroup;
			children = (
				2EBEC33A132BC65000C84085 /* PXListDocumentView.h */,
				2EBEC33B132BC65000C84085 /* PXListDocumentView.m */,
			);
			name = Misc;
			path = ..;
			sourceTree = "<group>";
		};
		2EBEC339132BC65000C84085 /* PXListView */ = {
			isa = PBXGroup;
			children = (
				2E33CB8C137FBF70009CAA35 /* PXListView+UserInteraction.h */,
				2E33CB8D137FBF70009CAA35 /* PXListView+UserInteraction.m */,
				2EBEC33C132BC65000C84085 /* PXListView+Private.h */,
				2EBEC33D132BC65000C84085 /* PXListView.h */,
				2EBEC33E132BC65000C84085 /* PXListView.m */,
				2EBEC342132BC65000C84085 /* PXListViewDelegate.h */,
				2EBEC337132BC3EF00C84085 /* Cells */,
				2EBEC338132BC3FF00C84085 /* Misc */,
			);
			path = PXListView;
			sourceTree = "<group>";
		};
		7756732906782D8800D1FEB8 /* Models */ = {
			isa = PBXGroup;
			children = (
				2E256C281318760700AE7F9E /* Correspondence_DataModel.xcdatamodel */,
			);
			name = Models;
			sourceTree = "<group>";
		};
		A95D7BBE132760970019DEEB /* Entities */ = {
			isa = PBXGroup;
			children = (
				2E2A5EC71326727700D7C5EE /* COMessage.h */,
				2E2A5EC81326727700D7C5EE /* COMessage.m */,
				A9CB4BB213572918009A166C /* COPerson.h */,
				A9CB4BB313572918009A166C /* COPerson.m */,
				A9CB4BAF13572918009A166C /* COAddressbookPerson.h */,
				A9CB4BB013572918009A166C /* COAddressbookPerson.m */,
				A9CB4BAC13572917009A166C /* COReceiver.h */,
				A9CB4BAD13572917009A166C /* COReceiver.m */,
			);
			path = Entities;
			sourceTree = "<group>";
		};
		A975CBB21318444200AAC978 /* UnitTests */ = {
			isa = PBXGroup;
			children = (
				A975CBB91318444200AAC978 /* AddressBookExplorationTest.h */,
				A975CBBB1318444200AAC978 /* AddressBookExplorationTest.m */,
				A975CBB31318444200AAC978 /* Supporting Files */,
				A9CB4BBE1357316C009A166C /* ReceiverTests.h */,
				A9CB4BBF1357316C009A166C /* ReceiverTests.m */,
				A966F73E137F11EF007488DA /* AbstractCoreDataTest.h */,
				A966F73F137F11EF007488DA /* AbstractCoreDataTest.m */,
			);
			path = UnitTests;
			sourceTree = "<group>";
		};
		A975CBB31318444200AAC978 /* Supporting Files */ = {
			isa = PBXGroup;
			children = (
				A975CBB41318444200AAC978 /* UnitTests-Info.plist */,
				A975CBB51318444200AAC978 /* InfoPlist.strings */,
				A975CBB81318444200AAC978 /* UnitTests-Prefix.pch */,
			);
			name = "Supporting Files";
			sourceTree = "<group>";
		};
/* End PBXGroup section */

/* Begin PBXNativeTarget section */
		8D1107260486CEB800E47090 /* Correspondence */ = {
			isa = PBXNativeTarget;
			buildConfigurationList = 26FC0A840875C7B200E6366F /* Build configuration list for PBXNativeTarget "Correspondence" */;
			buildPhases = (
				8D1107290486CEB800E47090 /* Resources */,
				8D11072C0486CEB800E47090 /* Sources */,
				8D11072E0486CEB800E47090 /* Frameworks */,
			);
			buildRules = (
			);
			dependencies = (
			);
			name = Correspondence;
			productInstallPath = "$(HOME)/Applications";
			productName = Correspondence;
			productReference = 8D1107320486CEB800E47090 /* Correspondence.app */;
			productType = "com.apple.product-type.application";
		};
		A975CBAE1318444200AAC978 /* UnitTests */ = {
			isa = PBXNativeTarget;
			buildConfigurationList = A975CBBD1318444200AAC978 /* Build configuration list for PBXNativeTarget "UnitTests" */;
			buildPhases = (
				A975CBAA1318444200AAC978 /* Sources */,
				A975CBAB1318444200AAC978 /* Frameworks */,
				A975CBAC1318444200AAC978 /* Resources */,
				A975CBAD1318444200AAC978 /* ShellScript */,
			);
			buildRules = (
			);
			dependencies = (
			);
			name = UnitTests;
			productName = UnitTests;
			productReference = A975CBAF1318444200AAC978 /* UnitTests.octest */;
			productType = "com.apple.product-type.bundle";
		};
/* End PBXNativeTarget section */

/* Begin PBXProject section */
		29B97313FDCFA39411CA2CEA /* Project object */ = {
			isa = PBXProject;
			attributes = {
				ORGANIZATIONNAME = "The Correspondence Team";
			};
			buildConfigurationList = 26FC0A880875C7B200E6366F /* Build configuration list for PBXProject "Correspondence" */;
			compatibilityVersion = "Xcode 3.1";
			developmentRegion = English;
			hasScannedForEncodings = 1;
			knownRegions = (
				en,
			);
			mainGroup = 29B97314FDCFA39411CA2CEA /* Correspondence */;
			projectDirPath = "";
			projectRoot = "";
			targets = (
				8D1107260486CEB800E47090 /* Correspondence */,
				A975CBAE1318444200AAC978 /* UnitTests */,
			);
		};
/* End PBXProject section */

/* Begin PBXResourcesBuildPhase section */
		8D1107290486CEB800E47090 /* Resources */ = {
			isa = PBXResourcesBuildPhase;
			buildActionMask = 2147483647;
			files = (
				8D11072B0486CEB800E47090 /* InfoPlist.strings in Resources */,
				2E4DF47E133285FF0044C9D1 /* up.png in Resources */,
				2E4DF47F133285FF0044C9D1 /* down.png in Resources */,
				A9CB4BB813572E18009A166C /* MessageViewCell.xib in Resources */,
				A9CB4BB913572E18009A166C /* TopicViewCell.xib in Resources */,
				A9CB4BBB13572E60009A166C /* CustomAddress.xib in Resources */,
				A9CB4BBD13572E85009A166C /* MainMenu.xib in Resources */,
				2EE7C97F1371C3E300F1D146 /* reply.png in Resources */,
			);
			runOnlyForDeploymentPostprocessing = 0;
		};
		A975CBAC1318444200AAC978 /* Resources */ = {
			isa = PBXResourcesBuildPhase;
			buildActionMask = 2147483647;
			files = (
				A966F742137F22D5007488DA /* Correspondence_DataModel.xcdatamodel in Resources */,
				A975CBB71318444200AAC978 /* InfoPlist.strings in Resources */,
			);
			runOnlyForDeploymentPostprocessing = 0;
		};
/* End PBXResourcesBuildPhase section */

/* Begin PBXShellScriptBuildPhase section */
		A975CBAD1318444200AAC978 /* ShellScript */ = {
			isa = PBXShellScriptBuildPhase;
			buildActionMask = 2147483647;
			files = (
			);
			inputPaths = (
			);
			outputPaths = (
			);
			runOnlyForDeploymentPostprocessing = 0;
			shellPath = /bin/sh;
			shellScript = "# Run the unit tests in this test bundle.\n\"${SYSTEM_DEVELOPER_DIR}/Tools/RunUnitTests\"\n";
		};
/* End PBXShellScriptBuildPhase section */

/* Begin PBXSourcesBuildPhase section */
		8D11072C0486CEB800E47090 /* Sources */ = {
			isa = PBXSourcesBuildPhase;
			buildActionMask = 2147483647;
			files = (
				2EBEC34A132BD84B00C84085 /* PXListView+Private.h in Sources */,
				2EBEC34B132BD84B00C84085 /* PXListView.h in Sources */,
				2EBEC34C132BD84B00C84085 /* PXListViewDelegate.h in Sources */,
				A95CE8EC1353042E00C9E82D /* COCustomAddressHUDController.m in Sources */,
				2EBEC34D132BD84B00C84085 /* PXListViewCell+Private.h in Sources */,
				2EBEC34E132BD84B00C84085 /* PXListViewCell.h in Sources */,
				2EBEC34F132BD84B00C84085 /* PXListViewDropHighlight.h in Sources */,
				2EBEC350132BD84B00C84085 /* PXListDocumentView.h in Sources */,
				8D11072D0486CEB800E47090 /* main.m in Sources */,
				2E256C291318760700AE7F9E /* Correspondence_DataModel.xcdatamodel in Sources */,
				2E256C2C131876A200AE7F9E /* COAppDelegate.m in Sources */,
				2E2A5EC91326727700D7C5EE /* COMessage.m in Sources */,
				A94A34F21327D6D100D4F915 /* COPeopleController.m in Sources */,
				2EBEC344132BC65000C84085 /* PXListDocumentView.m in Sources */,
				2EBEC346132BC65000C84085 /* PXListView.m in Sources */,
				2EBEC348132BC65000C84085 /* PXListViewCell.m in Sources */,
				2EBEC35B132D4E4000C84085 /* COMessageViewCell.m in Sources */,
				2E3B3197132EA8FB002F8803 /* COMessageController.m in Sources */,
				2E3B319B132EB5CB002F8803 /* COTopicController.m in Sources */,
				2E3B319F132EB88A002F8803 /* COTopicViewCell.m in Sources */,
				2EE6558913315D610039973A /* COListView.m in Sources */,
				2E4DF47913316F2A0044C9D1 /* COListController.m in Sources */,
				A974397B13351EDD00D4262D /* COConstants.m in Sources */,
				2E3FBA0C134F9B8500DB95B2 /* COManagedViewCell.m in Sources */,
				A9CB4BAE13572917009A166C /* COReceiver.m in Sources */,
				A9CB4BB113572918009A166C /* COAddressbookPerson.m in Sources */,
				A9CB4BB413572918009A166C /* COPerson.m in Sources */,
				2E33CB8E137FBF70009CAA35 /* PXListView+UserInteraction.m in Sources */,
				A9EF1EA313839AFC005FA213 /* COPersistence.m in Sources */,
			);
			runOnlyForDeploymentPostprocessing = 0;
		};
		A975CBAA1318444200AAC978 /* Sources */ = {
			isa = PBXSourcesBuildPhase;
			buildActionMask = 2147483647;
			files = (
				A975CBBC1318444200AAC978 /* AddressBookExplorationTest.m in Sources */,
				2EBEC345132BC65000C84085 /* PXListDocumentView.m in Sources */,
				2EBEC347132BC65000C84085 /* PXListView.m in Sources */,
				2EBEC349132BC65000C84085 /* PXListViewCell.m in Sources */,
				2EBEC35C132D4E4000C84085 /* COMessageViewCell.m in Sources */,
				A99F6236135734E8001F69CE /* COAddressbookPerson.m in Sources */,
				2E3B3198132EA8FB002F8803 /* COMessageController.m in Sources */,
				2E3B319C132EB5CB002F8803 /* COTopicController.m in Sources */,
				A99F6234135734E3001F69CE /* COPerson.m in Sources */,
				A99F6235135734E6001F69CE /* COReceiver.m in Sources */,
				A99F6230135733EF001F69CE /* ReceiverTests.m in Sources */,
				A99F6233135734E1001F69CE /* COMessage.m in Sources */,
				2E3B31A0132EB88A002F8803 /* COTopicViewCell.m in Sources */,
				2EE6558A13315D610039973A /* COListView.m in Sources */,
				A9EF1EA613842DE7005FA213 /* COConstants.m in Sources */,
				2E4DF47A13316F2A0044C9D1 /* COListController.m in Sources */,
				2E3FBA0D134F9B8500DB95B2 /* COManagedViewCell.m in Sources */,
				A966F740137F11EF007488DA /* AbstractCoreDataTest.m in Sources */,
				2E33CB8F137FBF70009CAA35 /* PXListView+UserInteraction.m in Sources */,
				A9EF1EA413839AFC005FA213 /* COPersistence.m in Sources */,
			);
			runOnlyForDeploymentPostprocessing = 0;
		};
/* End PBXSourcesBuildPhase section */

/* Begin PBXVariantGroup section */
		089C165CFE840E0CC02AAC07 /* InfoPlist.strings */ = {
			isa = PBXVariantGroup;
			children = (
				089C165DFE840E0CC02AAC07 /* English */,
			);
			name = InfoPlist.strings;
			sourceTree = "<group>";
		};
		A975CBB51318444200AAC978 /* InfoPlist.strings */ = {
			isa = PBXVariantGroup;
			children = (
				A975CBB61318444200AAC978 /* en */,
			);
			name = InfoPlist.strings;
			sourceTree = "<group>";
		};
/* End PBXVariantGroup section */

/* Begin XCBuildConfiguration section */
		26FC0A850875C7B200E6366F /* Debug */ = {
			isa = XCBuildConfiguration;
			buildSettings = {
				COPY_PHASE_STRIP = NO;
				GCC_DYNAMIC_NO_PIC = NO;
				GCC_ENABLE_FIX_AND_CONTINUE = YES;
				GCC_ENABLE_OBJC_EXCEPTIONS = YES;
				GCC_MODEL_TUNING = G5;
				GCC_OPTIMIZATION_LEVEL = 0;
				GCC_PRECOMPILE_PREFIX_HEADER = YES;
				GCC_PREFIX_HEADER = Correspondence_Prefix.pch;
				GCC_PREPROCESSOR_DEFINITIONS = "DEBUG=1";
				INFOPLIST_FILE = Info.plist;
				INSTALL_PATH = "$(HOME)/Applications";
				PRODUCT_NAME = Correspondence;
				SDKROOT = macosx10.6;
				WRAPPER_EXTENSION = app;
			};
			name = Debug;
		};
		26FC0A860875C7B200E6366F /* Release */ = {
			isa = XCBuildConfiguration;
			buildSettings = {
				DEBUG_INFORMATION_FORMAT = "dwarf-with-dsym";
				GCC_ENABLE_OBJC_EXCEPTIONS = YES;
				GCC_MODEL_TUNING = G5;
				GCC_PRECOMPILE_PREFIX_HEADER = YES;
				GCC_PREFIX_HEADER = Correspondence_Prefix.pch;
				INFOPLIST_FILE = Info.plist;
				INSTALL_PATH = "$(HOME)/Applications";
				PRODUCT_NAME = Correspondence;
				SDKROOT = macosx10.6;
				WRAPPER_EXTENSION = app;
			};
			name = Release;
		};
		26FC0A890875C7B200E6366F /* Debug */ = {
			isa = XCBuildConfiguration;
			buildSettings = {
				ARCHS = (
					"$(ARCHS_STANDARD_32_64_BIT)",
					"$(ARCHS_STANDARD_32_BIT)",
				);
				GCC_C_LANGUAGE_STANDARD = gnu99;
				GCC_WARN_ABOUT_RETURN_TYPE = YES;
				GCC_WARN_UNUSED_VARIABLE = YES;
				MACOSX_DEPLOYMENT_TARGET = 10.6;
				ONLY_ACTIVE_ARCH = YES;
				PREBINDING = NO;
				SDKROOT = macosx10.6;
			};
			name = Debug;
		};
		26FC0A8A0875C7B200E6366F /* Release */ = {
			isa = XCBuildConfiguration;
			buildSettings = {
				ARCHS = (
					"$(ARCHS_STANDARD_32_64_BIT)",
					"$(ARCHS_STANDARD_32_BIT)",
				);
				GCC_C_LANGUAGE_STANDARD = gnu99;
				GCC_WARN_ABOUT_RETURN_TYPE = YES;
				GCC_WARN_UNUSED_VARIABLE = YES;
				MACOSX_DEPLOYMENT_TARGET = 10.6;
				PREBINDING = NO;
				SDKROOT = macosx10.6;
			};
			name = Release;
		};
		A975CBBE1318444200AAC978 /* Debug */ = {
			isa = XCBuildConfiguration;
			buildSettings = {
				ALWAYS_SEARCH_USER_PATHS = NO;
				ARCHS = "$(ARCHS_STANDARD_32_64_BIT)";
				COPY_PHASE_STRIP = NO;
				FRAMEWORK_SEARCH_PATHS = "$(DEVELOPER_LIBRARY_DIR)/Frameworks";
				GCC_C_LANGUAGE_STANDARD = gnu99;
				GCC_DYNAMIC_NO_PIC = NO;
				GCC_ENABLE_OBJC_EXCEPTIONS = YES;
				GCC_OPTIMIZATION_LEVEL = 0;
				GCC_PRECOMPILE_PREFIX_HEADER = YES;
				GCC_PREFIX_HEADER = "UnitTests/UnitTests-Prefix.pch";
				GCC_PREPROCESSOR_DEFINITIONS = "DEBUG=1";
				GCC_VERSION = com.apple.compilers.llvm.clang.1_0;
				GCC_WARN_64_TO_32_BIT_CONVERSION = YES;
				INFOPLIST_FILE = "UnitTests/UnitTests-Info.plist";
				INSTALL_PATH = "$(USER_LIBRARY_DIR)/Bundles";
				OTHER_LDFLAGS = (
					"-framework",
					SenTestingKit,
				);
				PRODUCT_NAME = "$(TARGET_NAME)";
				SDKROOT = macosx;
				WRAPPER_EXTENSION = octest;
			};
			name = Debug;
		};
		A975CBBF1318444200AAC978 /* Release */ = {
			isa = XCBuildConfiguration;
			buildSettings = {
				ALWAYS_SEARCH_USER_PATHS = NO;
				ARCHS = "$(ARCHS_STANDARD_32_64_BIT)";
				COPY_PHASE_STRIP = YES;
				DEBUG_INFORMATION_FORMAT = "dwarf-with-dsym";
				FRAMEWORK_SEARCH_PATHS = "$(DEVELOPER_LIBRARY_DIR)/Frameworks";
				GCC_C_LANGUAGE_STANDARD = gnu99;
				GCC_ENABLE_OBJC_EXCEPTIONS = YES;
				GCC_PRECOMPILE_PREFIX_HEADER = YES;
				GCC_PREFIX_HEADER = "UnitTests/UnitTests-Prefix.pch";
				GCC_VERSION = com.apple.compilers.llvm.clang.1_0;
				GCC_WARN_64_TO_32_BIT_CONVERSION = YES;
				INFOPLIST_FILE = "UnitTests/UnitTests-Info.plist";
				INSTALL_PATH = "$(USER_LIBRARY_DIR)/Bundles";
				OTHER_LDFLAGS = (
					"-framework",
					SenTestingKit,
				);
				PRODUCT_NAME = "$(TARGET_NAME)";
				SDKROOT = macosx;
				WRAPPER_EXTENSION = octest;
			};
			name = Release;
		};
/* End XCBuildConfiguration section */

/* Begin XCConfigurationList section */
		26FC0A840875C7B200E6366F /* Build configuration list for PBXNativeTarget "Correspondence" */ = {
			isa = XCConfigurationList;
			buildConfigurations = (
				26FC0A850875C7B200E6366F /* Debug */,
				26FC0A860875C7B200E6366F /* Release */,
			);
			defaultConfigurationIsVisible = 0;
			defaultConfigurationName = Release;
		};
		26FC0A880875C7B200E6366F /* Build configuration list for PBXProject "Correspondence" */ = {
			isa = XCConfigurationList;
			buildConfigurations = (
				26FC0A890875C7B200E6366F /* Debug */,
				26FC0A8A0875C7B200E6366F /* Release */,
			);
			defaultConfigurationIsVisible = 0;
			defaultConfigurationName = Release;
		};
		A975CBBD1318444200AAC978 /* Build configuration list for PBXNativeTarget "UnitTests" */ = {
			isa = XCConfigurationList;
			buildConfigurations = (
				A975CBBE1318444200AAC978 /* Debug */,
				A975CBBF1318444200AAC978 /* Release */,
			);
			defaultConfigurationIsVisible = 0;
			defaultConfigurationName = Release;
		};
/* End XCConfigurationList section */
	};
	rootObject = 29B97313FDCFA39411CA2CEA /* Project object */;
}
